// !$*UTF8*$!
{
	archiveVersion = 1;
	classes = {
	};
	objectVersion = 50;
	objects = {

/* Begin PBXBuildFile section */
		0F098476220CD22200E0694D /* Music.cpp in Sources */ = {isa = PBXBuildFile; fileRef = 0F098475220CD22200E0694D /* Music.cpp */; };
		0F53525F2214AF2C00A5772F /* LinearTester.cpp in Sources */ = {isa = PBXBuildFile; fileRef = 0F53525D2214AF2C00A5772F /* LinearTester.cpp */; };
		0F63BFA022400FFF00E8C9D7 /* GraphTester.cpp in Sources */ = {isa = PBXBuildFile; fileRef = 0F63BF9E22400FFF00E8C9D7 /* GraphTester.cpp */; };
		0F91A437220A170800BDC924 /* Timer.cpp in Sources */ = {isa = PBXBuildFile; fileRef = 0F91A435220A170800BDC924 /* Timer.cpp */; };
		0F91A43C220A1C3B00BDC924 /* FileController.cpp in Sources */ = {isa = PBXBuildFile; fileRef = 0F91A43A220A1C3B00BDC924 /* FileController.cpp */; };
		0F91A43F220A1EB700BDC924 /* CrimeData.cpp in Sources */ = {isa = PBXBuildFile; fileRef = 0F91A43E220A1EB700BDC924 /* CrimeData.cpp */; };
		0F9DC03121FF8BE70067795E /* DataController.cpp in Sources */ = {isa = PBXBuildFile; fileRef = 0F9DC02F21FF8BE70067795E /* DataController.cpp */; };
		0F9DC03321FF8C060067795E /* DataRunner.cpp in Sources */ = {isa = PBXBuildFile; fileRef = 0F9DC03221FF8C060067795E /* DataRunner.cpp */; };
/* End PBXBuildFile section */

/* Begin PBXCopyFilesBuildPhase section */
		0F9DC01F21FF8B190067795E /* CopyFiles */ = {
			isa = PBXCopyFilesBuildPhase;
			buildActionMask = 2147483647;
			dstPath = /usr/share/man/man1/;
			dstSubfolderSpec = 0;
			files = (
			);
			runOnlyForDeploymentPostprocessing = 1;
		};
/* End PBXCopyFilesBuildPhase section */

/* Begin PBXFileReference section */
		0F015CB8221F2A9B002D56E6 /* DoubleNode.hpp */ = {isa = PBXFileReference; lastKnownFileType = sourcecode.cpp.h; path = DoubleNode.hpp; sourceTree = "<group>"; };
		0F015CBB221F3035002D56E6 /* CircularList.hpp */ = {isa = PBXFileReference; lastKnownFileType = sourcecode.cpp.h; path = CircularList.hpp; sourceTree = "<group>"; };
		0F09846E220CBAB200E0694D /* List.hpp */ = {isa = PBXFileReference; lastKnownFileType = sourcecode.cpp.h; path = List.hpp; sourceTree = "<group>"; };
		0F098473220CC8D700E0694D /* LinkedList.hpp */ = {isa = PBXFileReference; lastKnownFileType = sourcecode.cpp.h; path = LinkedList.hpp; sourceTree = "<group>"; };
		0F098475220CD22200E0694D /* Music.cpp */ = {isa = PBXFileReference; fileEncoding = 4; lastKnownFileType = sourcecode.cpp.cpp; path = Music.cpp; sourceTree = "<group>"; };
		0F429955222DC63A001E2B18 /* Graph.hpp */ = {isa = PBXFileReference; lastKnownFileType = sourcecode.cpp.h; path = Graph.hpp; sourceTree = "<group>"; };
		0F53525A2214AADB00A5772F /* Queue.hpp */ = {isa = PBXFileReference; lastKnownFileType = sourcecode.cpp.h; path = Queue.hpp; sourceTree = "<group>"; };
		0F53525D2214AF2C00A5772F /* LinearTester.cpp */ = {isa = PBXFileReference; lastKnownFileType = sourcecode.cpp.cpp; path = LinearTester.cpp; sourceTree = "<group>"; };
		0F53525E2214AF2C00A5772F /* LinearTester.hpp */ = {isa = PBXFileReference; lastKnownFileType = sourcecode.cpp.h; path = LinearTester.hpp; sourceTree = "<group>"; };
		0F63BF9E22400FFF00E8C9D7 /* GraphTester.cpp */ = {isa = PBXFileReference; lastKnownFileType = sourcecode.cpp.cpp; path = GraphTester.cpp; sourceTree = "<group>"; };
		0F63BF9F22400FFF00E8C9D7 /* GraphTester.hpp */ = {isa = PBXFileReference; lastKnownFileType = sourcecode.cpp.h; path = GraphTester.hpp; sourceTree = "<group>"; };
		0F654186220239ED00DEBEE3 /* Array.h */ = {isa = PBXFileReference; lastKnownFileType = sourcecode.c.h; path = Array.h; sourceTree = "<group>"; };
		0F790B6622610D29007506E2 /* BinaryTreeNode.hpp */ = {isa = PBXFileReference; lastKnownFileType = sourcecode.cpp.h; path = BinaryTreeNode.hpp; sourceTree = "<group>"; };
		0F7FBFC52202330400942345 /* LinearNode.hpp */ = {isa = PBXFileReference; lastKnownFileType = sourcecode.cpp.h; path = LinearNode.hpp; sourceTree = "<group>"; };
		0F91A435220A170800BDC924 /* Timer.cpp */ = {isa = PBXFileReference; lastKnownFileType = sourcecode.cpp.cpp; path = Timer.cpp; sourceTree = "<group>"; };
		0F91A436220A170800BDC924 /* Timer.hpp */ = {isa = PBXFileReference; lastKnownFileType = sourcecode.cpp.h; path = Timer.hpp; sourceTree = "<group>"; };
		0F91A43A220A1C3B00BDC924 /* FileController.cpp */ = {isa = PBXFileReference; lastKnownFileType = sourcecode.cpp.cpp; path = FileController.cpp; sourceTree = "<group>"; };
		0F91A43B220A1C3B00BDC924 /* FileController.hpp */ = {isa = PBXFileReference; lastKnownFileType = sourcecode.cpp.h; path = FileController.hpp; sourceTree = "<group>"; };
		0F91A43E220A1EB700BDC924 /* CrimeData.cpp */ = {isa = PBXFileReference; fileEncoding = 4; lastKnownFileType = sourcecode.cpp.cpp; path = CrimeData.cpp; sourceTree = "<group>"; };
		0F91A440220A1EC500BDC924 /* CrimeData.hpp */ = {isa = PBXFileReference; lastKnownFileType = sourcecode.cpp.h; path = CrimeData.hpp; sourceTree = "<group>"; };
		0F91A441220A1EDC00BDC924 /* crime.csv */ = {isa = PBXFileReference; lastKnownFileType = text; path = crime.csv; sourceTree = "<group>"; };
		0F91A445220A204F00BDC924 /* Music.hpp */ = {isa = PBXFileReference; lastKnownFileType = sourcecode.cpp.h; path = Music.hpp; sourceTree = "<group>"; };
		0F95ED2B221204A80097AD15 /* music.csv */ = {isa = PBXFileReference; lastKnownFileType = text; path = music.csv; sourceTree = "<group>"; };
		0F95ED2D221215D80097AD15 /* Stack.hpp */ = {isa = PBXFileReference; lastKnownFileType = sourcecode.cpp.h; path = Stack.hpp; sourceTree = "<group>"; };
		0F9DC02121FF8B190067795E /* DatamemberProj */ = {isa = PBXFileReference; explicitFileType = "compiled.mach-o.executable"; includeInIndex = 0; path = DatamemberProj; sourceTree = BUILT_PRODUCTS_DIR; };
		0F9DC02F21FF8BE70067795E /* DataController.cpp */ = {isa = PBXFileReference; lastKnownFileType = sourcecode.cpp.cpp; path = DataController.cpp; sourceTree = "<group>"; };
		0F9DC03021FF8BE70067795E /* DataController.hpp */ = {isa = PBXFileReference; lastKnownFileType = sourcecode.cpp.h; path = DataController.hpp; sourceTree = "<group>"; };
		0F9DC03221FF8C060067795E /* DataRunner.cpp */ = {isa = PBXFileReference; lastKnownFileType = sourcecode.cpp.cpp; path = DataRunner.cpp; sourceTree = "<group>"; };
		0F9DC03421FF916A0067795E /* Node.hpp */ = {isa = PBXFileReference; lastKnownFileType = sourcecode.cpp.h; path = Node.hpp; sourceTree = "<group>"; };
/* End PBXFileReference section */

/* Begin PBXFrameworksBuildPhase section */
		0F9DC01E21FF8B190067795E /* Frameworks */ = {
			isa = PBXFrameworksBuildPhase;
			buildActionMask = 2147483647;
			files = (
			);
			runOnlyForDeploymentPostprocessing = 0;
		};
/* End PBXFrameworksBuildPhase section */

/* Begin PBXGroup section */
		0F429957222DC640001E2B18 /* NonLinear */ = {
			isa = PBXGroup;
			children = (
				0F429955222DC63A001E2B18 /* Graph.hpp */,
			);
			path = NonLinear;
			sourceTree = "<group>";
		};
		0F53525C2214AE9A00A5772F /* Testers */ = {
			isa = PBXGroup;
			children = (
				0F53525D2214AF2C00A5772F /* LinearTester.cpp */,
				0F53525E2214AF2C00A5772F /* LinearTester.hpp */,
				0F63BF9E22400FFF00E8C9D7 /* GraphTester.cpp */,
				0F63BF9F22400FFF00E8C9D7 /* GraphTester.hpp */,
			);
			path = Testers;
			sourceTree = "<group>";
		};
		0F654185220239AD00DEBEE3 /* Linear */ = {
			isa = PBXGroup;
			children = (
				0F654186220239ED00DEBEE3 /* Array.h */,
				0F09846E220CBAB200E0694D /* List.hpp */,
				0F098473220CC8D700E0694D /* LinkedList.hpp */,
				0F95ED2D221215D80097AD15 /* Stack.hpp */,
				0F53525A2214AADB00A5772F /* Queue.hpp */,
				0F015CBB221F3035002D56E6 /* CircularList.hpp */,
			);
			path = Linear;
			sourceTree = "<group>";
		};
		0F7FBFBF220226D200942345 /* Nodes */ = {
			isa = PBXGroup;
			children = (
				0F9DC03421FF916A0067795E /* Node.hpp */,
				0F7FBFC52202330400942345 /* LinearNode.hpp */,
				0F015CB8221F2A9B002D56E6 /* DoubleNode.hpp */,
				0F790B6622610D29007506E2 /* BinaryTreeNode.hpp */,
			);
			path = Nodes;
			sourceTree = "<group>";
		};
		0F91A434220A14BE00BDC924 /* Tools */ = {
			isa = PBXGroup;
			children = (
				0F91A435220A170800BDC924 /* Timer.cpp */,
				0F91A436220A170800BDC924 /* Timer.hpp */,
			);
			path = Tools;
			sourceTree = "<group>";
		};
		0F9DC01821FF8B190067795E = {
			isa = PBXGroup;
			children = (
				0F9DC02321FF8B190067795E /* DatamemberProj */,
				0F9DC02221FF8B190067795E /* Products */,
			);
			sourceTree = "<group>";
		};
		0F9DC02221FF8B190067795E /* Products */ = {
			isa = PBXGroup;
			children = (
				0F9DC02121FF8B190067795E /* DatamemberProj */,
			);
			name = Products;
			sourceTree = "<group>";
		};
		0F9DC02321FF8B190067795E /* DatamemberProj */ = {
			isa = PBXGroup;
			children = (
				0F53525C2214AE9A00A5772F /* Testers */,
				0F9DC02E21FF8B9A0067795E /* Controller */,
				0F9DC02D21FF8B920067795E /* Resources */,
				0F9DC02B21FF8B850067795E /* Model */,
			);
			path = DatamemberProj;
			sourceTree = "<group>";
		};
		0F9DC02B21FF8B850067795E /* Model */ = {
			isa = PBXGroup;
			children = (
				0F429957222DC640001E2B18 /* NonLinear */,
				0F654185220239AD00DEBEE3 /* Linear */,
				0F7FBFBF220226D200942345 /* Nodes */,
			);
			path = Model;
			sourceTree = "<group>";
		};
		0F9DC02D21FF8B920067795E /* Resources */ = {
			isa = PBXGroup;
			children = (
				0F098475220CD22200E0694D /* Music.cpp */,
				0F91A445220A204F00BDC924 /* Music.hpp */,
				0F95ED2B221204A80097AD15 /* music.csv */,
				0F91A441220A1EDC00BDC924 /* crime.csv */,
				0F91A440220A1EC500BDC924 /* CrimeData.hpp */,
				0F91A43E220A1EB700BDC924 /* CrimeData.cpp */,
			);
			path = Resources;
			sourceTree = "<group>";
		};
		0F9DC02E21FF8B9A0067795E /* Controller */ = {
			isa = PBXGroup;
			children = (
				0F91A434220A14BE00BDC924 /* Tools */,
				0F91A43A220A1C3B00BDC924 /* FileController.cpp */,
				0F91A43B220A1C3B00BDC924 /* FileController.hpp */,
				0F9DC02F21FF8BE70067795E /* DataController.cpp */,
				0F9DC03021FF8BE70067795E /* DataController.hpp */,
				0F9DC03221FF8C060067795E /* DataRunner.cpp */,
			);
			path = Controller;
			sourceTree = "<group>";
		};
/* End PBXGroup section */

/* Begin PBXNativeTarget section */
		0F9DC02021FF8B190067795E /* DatamemberProj */ = {
			isa = PBXNativeTarget;
			buildConfigurationList = 0F9DC02821FF8B1A0067795E /* Build configuration list for PBXNativeTarget "DatamemberProj" */;
			buildPhases = (
				0F9DC01D21FF8B190067795E /* Sources */,
				0F9DC01E21FF8B190067795E /* Frameworks */,
				0F9DC01F21FF8B190067795E /* CopyFiles */,
			);
			buildRules = (
			);
			dependencies = (
			);
			name = DatamemberProj;
			productName = DatamemberProj;
			productReference = 0F9DC02121FF8B190067795E /* DatamemberProj */;
			productType = "com.apple.product-type.tool";
		};
/* End PBXNativeTarget section */

/* Begin PBXProject section */
		0F9DC01921FF8B190067795E /* Project object */ = {
			isa = PBXProject;
			attributes = {
				LastUpgradeCheck = 1000;
				ORGANIZATIONNAME = "CTEC CSP";
				TargetAttributes = {
					0F9DC02021FF8B190067795E = {
						CreatedOnToolsVersion = 10.0;
					};
				};
			};
			buildConfigurationList = 0F9DC01C21FF8B190067795E /* Build configuration list for PBXProject "DatamemberProj" */;
			compatibilityVersion = "Xcode 9.3";
			developmentRegion = en;
			hasScannedForEncodings = 0;
			knownRegions = (
				en,
			);
			mainGroup = 0F9DC01821FF8B190067795E;
			productRefGroup = 0F9DC02221FF8B190067795E /* Products */;
			projectDirPath = "";
			projectRoot = "";
			targets = (
				0F9DC02021FF8B190067795E /* DatamemberProj */,
			);
		};
/* End PBXProject section */

/* Begin PBXSourcesBuildPhase section */
		0F9DC01D21FF8B190067795E /* Sources */ = {
			isa = PBXSourcesBuildPhase;
			buildActionMask = 2147483647;
			files = (
				0F91A437220A170800BDC924 /* Timer.cpp in Sources */,
				0F63BFA022400FFF00E8C9D7 /* GraphTester.cpp in Sources */,
				0F91A43F220A1EB700BDC924 /* CrimeData.cpp in Sources */,
				0F9DC03121FF8BE70067795E /* DataController.cpp in Sources */,
				0F9DC03321FF8C060067795E /* DataRunner.cpp in Sources */,
				0F91A43C220A1C3B00BDC924 /* FileController.cpp in Sources */,
				0F098476220CD22200E0694D /* Music.cpp in Sources */,
				0F53525F2214AF2C00A5772F /* LinearTester.cpp in Sources */,
			);
			runOnlyForDeploymentPostprocessing = 0;
		};
/* End PBXSourcesBuildPhase section */

/* Begin XCBuildConfiguration section */
		0F9DC02621FF8B1A0067795E /* Debug */ = {
			isa = XCBuildConfiguration;
			buildSettings = {
				ALWAYS_SEARCH_USER_PATHS = NO;
				CLANG_ANALYZER_NONNULL = YES;
				CLANG_ANALYZER_NUMBER_OBJECT_CONVERSION = YES_AGGRESSIVE;
				CLANG_CXX_LANGUAGE_STANDARD = "gnu++14";
				CLANG_CXX_LIBRARY = "libc++";
				CLANG_ENABLE_MODULES = YES;
				CLANG_ENABLE_OBJC_ARC = YES;
				CLANG_ENABLE_OBJC_WEAK = YES;
				CLANG_WARN_BLOCK_CAPTURE_AUTORELEASING = YES;
				CLANG_WARN_BOOL_CONVERSION = YES;
				CLANG_WARN_COMMA = YES;
				CLANG_WARN_CONSTANT_CONVERSION = YES;
				CLANG_WARN_DEPRECATED_OBJC_IMPLEMENTATIONS = YES;
				CLANG_WARN_DIRECT_OBJC_ISA_USAGE = YES_ERROR;
				CLANG_WARN_DOCUMENTATION_COMMENTS = YES;
				CLANG_WARN_EMPTY_BODY = YES;
				CLANG_WARN_ENUM_CONVERSION = YES;
				CLANG_WARN_INFINITE_RECURSION = YES;
				CLANG_WARN_INT_CONVERSION = YES;
				CLANG_WARN_NON_LITERAL_NULL_CONVERSION = YES;
				CLANG_WARN_OBJC_IMPLICIT_RETAIN_SELF = YES;
				CLANG_WARN_OBJC_LITERAL_CONVERSION = YES;
				CLANG_WARN_OBJC_ROOT_CLASS = YES_ERROR;
				CLANG_WARN_RANGE_LOOP_ANALYSIS = YES;
				CLANG_WARN_STRICT_PROTOTYPES = YES;
				CLANG_WARN_SUSPICIOUS_MOVE = YES;
				CLANG_WARN_UNGUARDED_AVAILABILITY = YES_AGGRESSIVE;
				CLANG_WARN_UNREACHABLE_CODE = YES;
				CLANG_WARN__DUPLICATE_METHOD_MATCH = YES;
				CODE_SIGN_IDENTITY = "-";
				COPY_PHASE_STRIP = NO;
				DEBUG_INFORMATION_FORMAT = dwarf;
				ENABLE_STRICT_OBJC_MSGSEND = YES;
				ENABLE_TESTABILITY = YES;
				GCC_C_LANGUAGE_STANDARD = gnu11;
				GCC_DYNAMIC_NO_PIC = NO;
				GCC_NO_COMMON_BLOCKS = YES;
				GCC_OPTIMIZATION_LEVEL = 0;
				GCC_PREPROCESSOR_DEFINITIONS = (
					"DEBUG=1",
					"$(inherited)",
				);
				GCC_WARN_64_TO_32_BIT_CONVERSION = YES;
				GCC_WARN_ABOUT_RETURN_TYPE = YES_ERROR;
				GCC_WARN_UNDECLARED_SELECTOR = YES;
				GCC_WARN_UNINITIALIZED_AUTOS = YES_AGGRESSIVE;
				GCC_WARN_UNUSED_FUNCTION = YES;
				GCC_WARN_UNUSED_VARIABLE = YES;
				MACOSX_DEPLOYMENT_TARGET = 10.13;
				MTL_ENABLE_DEBUG_INFO = INCLUDE_SOURCE;
				MTL_FAST_MATH = YES;
				ONLY_ACTIVE_ARCH = YES;
				SDKROOT = macosx;
			};
			name = Debug;
		};
		0F9DC02721FF8B1A0067795E /* Release */ = {
			isa = XCBuildConfiguration;
			buildSettings = {
				ALWAYS_SEARCH_USER_PATHS = NO;
				CLANG_ANALYZER_NONNULL = YES;
				CLANG_ANALYZER_NUMBER_OBJECT_CONVERSION = YES_AGGRESSIVE;
				CLANG_CXX_LANGUAGE_STANDARD = "gnu++14";
				CLANG_CXX_LIBRARY = "libc++";
				CLANG_ENABLE_MODULES = YES;
				CLANG_ENABLE_OBJC_ARC = YES;
				CLANG_ENABLE_OBJC_WEAK = YES;
				CLANG_WARN_BLOCK_CAPTURE_AUTORELEASING = YES;
				CLANG_WARN_BOOL_CONVERSION = YES;
				CLANG_WARN_COMMA = YES;
				CLANG_WARN_CONSTANT_CONVERSION = YES;
				CLANG_WARN_DEPRECATED_OBJC_IMPLEMENTATIONS = YES;
				CLANG_WARN_DIRECT_OBJC_ISA_USAGE = YES_ERROR;
				CLANG_WARN_DOCUMENTATION_COMMENTS = YES;
				CLANG_WARN_EMPTY_BODY = YES;
				CLANG_WARN_ENUM_CONVERSION = YES;
				CLANG_WARN_INFINITE_RECURSION = YES;
				CLANG_WARN_INT_CONVERSION = YES;
				CLANG_WARN_NON_LITERAL_NULL_CONVERSION = YES;
				CLANG_WARN_OBJC_IMPLICIT_RETAIN_SELF = YES;
				CLANG_WARN_OBJC_LITERAL_CONVERSION = YES;
				CLANG_WARN_OBJC_ROOT_CLASS = YES_ERROR;
				CLANG_WARN_RANGE_LOOP_ANALYSIS = YES;
				CLANG_WARN_STRICT_PROTOTYPES = YES;
				CLANG_WARN_SUSPICIOUS_MOVE = YES;
				CLANG_WARN_UNGUARDED_AVAILABILITY = YES_AGGRESSIVE;
				CLANG_WARN_UNREACHABLE_CODE = YES;
				CLANG_WARN__DUPLICATE_METHOD_MATCH = YES;
				CODE_SIGN_IDENTITY = "-";
				COPY_PHASE_STRIP = NO;
				DEBUG_INFORMATION_FORMAT = "dwarf-with-dsym";
				ENABLE_NS_ASSERTIONS = NO;
				ENABLE_STRICT_OBJC_MSGSEND = YES;
				GCC_C_LANGUAGE_STANDARD = gnu11;
				GCC_NO_COMMON_BLOCKS = YES;
				GCC_WARN_64_TO_32_BIT_CONVERSION = YES;
				GCC_WARN_ABOUT_RETURN_TYPE = YES_ERROR;
				GCC_WARN_UNDECLARED_SELECTOR = YES;
				GCC_WARN_UNINITIALIZED_AUTOS = YES_AGGRESSIVE;
				GCC_WARN_UNUSED_FUNCTION = YES;
				GCC_WARN_UNUSED_VARIABLE = YES;
				MACOSX_DEPLOYMENT_TARGET = 10.13;
				MTL_ENABLE_DEBUG_INFO = NO;
				MTL_FAST_MATH = YES;
				SDKROOT = macosx;
			};
			name = Release;
		};
		0F9DC02921FF8B1A0067795E /* Debug */ = {
			isa = XCBuildConfiguration;
			buildSettings = {
				CODE_SIGN_IDENTITY = "-";
				CODE_SIGN_STYLE = Automatic;
				DEVELOPMENT_TEAM = "";
				PRODUCT_NAME = "$(TARGET_NAME)";
				PROVISIONING_PROFILE_SPECIFIER = "";
			};
			name = Debug;
		};
		0F9DC02A21FF8B1A0067795E /* Release */ = {
			isa = XCBuildConfiguration;
			buildSettings = {
				CODE_SIGN_IDENTITY = "-";
				CODE_SIGN_STYLE = Automatic;
				DEVELOPMENT_TEAM = "";
				PRODUCT_NAME = "$(TARGET_NAME)";
				PROVISIONING_PROFILE_SPECIFIER = "";
			};
			name = Release;
		};
/* End XCBuildConfiguration section */

/* Begin XCConfigurationList section */
		0F9DC01C21FF8B190067795E /* Build configuration list for PBXProject "DatamemberProj" */ = {
			isa = XCConfigurationList;
			buildConfigurations = (
				0F9DC02621FF8B1A0067795E /* Debug */,
				0F9DC02721FF8B1A0067795E /* Release */,
			);
			defaultConfigurationIsVisible = 0;
			defaultConfigurationName = Release;
		};
		0F9DC02821FF8B1A0067795E /* Build configuration list for PBXNativeTarget "DatamemberProj" */ = {
			isa = XCConfigurationList;
			buildConfigurations = (
				0F9DC02921FF8B1A0067795E /* Debug */,
				0F9DC02A21FF8B1A0067795E /* Release */,
			);
			defaultConfigurationIsVisible = 0;
			defaultConfigurationName = Release;
		};
/* End XCConfigurationList section */
	};
	rootObject = 0F9DC01921FF8B190067795E /* Project object */;
}
